
Microsoft Visual Studio Solution File, Format Version 12.00
# Visual Studio 15
VisualStudioVersion = 15.0.27004.2005
MinimumVisualStudioVersion = 10.0.40219.1
Project("{8BC9CEB8-8B4A-11D0-8D11-00A0C91BC942}") = "Ex4", "Ex4\Ex4.vcxproj", "{392A5AFE-B611-46B2-9723-96A2C9632930}"
EndProject
Global
	GlobalSection(SolutionConfigurationPlatforms) = preSolution
		Debug|x64 = Debug|x64
		Debug|x86 = Debug|x86
		Release|x64 = Release|x64
		Release|x86 = Release|x86
	EndGlobalSection
	GlobalSection(ProjectConfigurationPlatforms) = postSolution
		{392A5AFE-B611-46B2-9723-96A2C9632930}.Debug|x64.ActiveCfg = Debug|x64
		{392A5AFE-B611-46B2-9723-96A2C9632930}.Debug|x64.Build.0 = Debug|x64
		{392A5AFE-B611-46B2-9723-96A2C9632930}.Debug|x86.ActiveCfg = Debug|Win32
		{392A5AFE-B611-46B2-9723-96A2C9632930}.Debug|x86.Build.0 = Debug|Win32
		{392A5AFE-B611-46B2-9723-96A2C9632930}.Release|x64.ActiveCfg = Release|x64
		{392A5AFE-B611-46B2-9723-96A2C9632930}.Release|x64.Build.0 = Release|x64
		{392A5AFE-B611-46B2-9723-96A2C9632930}.Release|x86.ActiveCfg = Release|Win32
		{392A5AFE-B611-46B2-9723-96A2C9632930}.Release|x86.Build.0 = Release|Win32
	EndGlobalSection
	GlobalSection(SolutionProperties) = preSolution
		HideSolutionNode = FALSE
	EndGlobalSection
	GlobalSection(ExtensibilityGlobals) = postSolution
		SolutionGuid = {DD21F2B9-4B49-41F8-97C4-EEBABB14E2A2}
	EndGlobalSection
EndGlobal
